// !$*UTF8*$!
{
	archiveVersion = 1;
	classes = {
	};
	objectVersion = 56;
	objects = {

/* Begin PBXBuildFile section */
		092AB2EA2C3CBD25003ACE69 /* GameStreamApp.swift in Sources */ = {isa = PBXBuildFile; fileRef = 092AB2E92C3CBD25003ACE69 /* GameStreamApp.swift */; };
		092AB2EC2C3CBD25003ACE69 /* ContentView.swift in Sources */ = {isa = PBXBuildFile; fileRef = 092AB2EB2C3CBD25003ACE69 /* ContentView.swift */; };
		092AB2EE2C3CBD27003ACE69 /* Assets.xcassets in Resources */ = {isa = PBXBuildFile; fileRef = 092AB2ED2C3CBD27003ACE69 /* Assets.xcassets */; };
		092AB2F12C3CBD27003ACE69 /* Preview Assets.xcassets in Resources */ = {isa = PBXBuildFile; fileRef = 092AB2F02C3CBD27003ACE69 /* Preview Assets.xcassets */; };
		099F7DB52C42EC2700833321 /* CustomViews.swift in Sources */ = {isa = PBXBuildFile; fileRef = 099F7DB42C42EC2700833321 /* CustomViews.swift */; };
		099F7DB72C42EE5F00833321 /* SignUpView.swift in Sources */ = {isa = PBXBuildFile; fileRef = 099F7DB62C42EE5F00833321 /* SignUpView.swift */; };
		099F7DB92C43250600833321 /* HomeView.swift in Sources */ = {isa = PBXBuildFile; fileRef = 099F7DB82C43250600833321 /* HomeView.swift */; };
		09C8E27F2C4C108300881835 /* Model.swift in Sources */ = {isa = PBXBuildFile; fileRef = 09C8E27E2C4C108300881835 /* Model.swift */; };
		09C8E2812C4C13F400881835 /* ViewModel.swift in Sources */ = {isa = PBXBuildFile; fileRef = 09C8E2802C4C13F400881835 /* ViewModel.swift */; };
		09C8E2832C4C32B000881835 /* MostPopular.swift in Sources */ = {isa = PBXBuildFile; fileRef = 09C8E2822C4C32B000881835 /* MostPopular.swift */; };
		09D064852C489EA700E600C2 /* MenuInitial.swift in Sources */ = {isa = PBXBuildFile; fileRef = 09D064842C489EA700E600C2 /* MenuInitial.swift */; };
		09D4AD6A2C40AF46003E98E0 /* SignInView.swift in Sources */ = {isa = PBXBuildFile; fileRef = 09D4AD692C40AF46003E98E0 /* SignInView.swift */; };
/* End PBXBuildFile section */

/* Begin PBXFileReference section */
		092AB2E62C3CBD25003ACE69 /* GameStream.app */ = {isa = PBXFileReference; explicitFileType = wrapper.application; includeInIndex = 0; path = GameStream.app; sourceTree = BUILT_PRODUCTS_DIR; };
		092AB2E92C3CBD25003ACE69 /* GameStreamApp.swift */ = {isa = PBXFileReference; lastKnownFileType = sourcecode.swift; path = GameStreamApp.swift; sourceTree = "<group>"; };
		092AB2EB2C3CBD25003ACE69 /* ContentView.swift */ = {isa = PBXFileReference; lastKnownFileType = sourcecode.swift; path = ContentView.swift; sourceTree = "<group>"; };
		092AB2ED2C3CBD27003ACE69 /* Assets.xcassets */ = {isa = PBXFileReference; lastKnownFileType = folder.assetcatalog; path = Assets.xcassets; sourceTree = "<group>"; };
		092AB2F02C3CBD27003ACE69 /* Preview Assets.xcassets */ = {isa = PBXFileReference; lastKnownFileType = folder.assetcatalog; path = "Preview Assets.xcassets"; sourceTree = "<group>"; };
		099F7DB42C42EC2700833321 /* CustomViews.swift */ = {isa = PBXFileReference; lastKnownFileType = sourcecode.swift; path = CustomViews.swift; sourceTree = "<group>"; };
		099F7DB62C42EE5F00833321 /* SignUpView.swift */ = {isa = PBXFileReference; lastKnownFileType = sourcecode.swift; path = SignUpView.swift; sourceTree = "<group>"; };
		099F7DB82C43250600833321 /* HomeView.swift */ = {isa = PBXFileReference; lastKnownFileType = sourcecode.swift; path = HomeView.swift; sourceTree = "<group>"; };
		09C8E27E2C4C108300881835 /* Model.swift */ = {isa = PBXFileReference; lastKnownFileType = sourcecode.swift; path = Model.swift; sourceTree = "<group>"; };
		09C8E2802C4C13F400881835 /* ViewModel.swift */ = {isa = PBXFileReference; lastKnownFileType = sourcecode.swift; path = ViewModel.swift; sourceTree = "<group>"; };
		09C8E2822C4C32B000881835 /* MostPopular.swift */ = {isa = PBXFileReference; lastKnownFileType = sourcecode.swift; path = MostPopular.swift; sourceTree = "<group>"; };
		09D064842C489EA700E600C2 /* MenuInitial.swift */ = {isa = PBXFileReference; lastKnownFileType = sourcecode.swift; path = MenuInitial.swift; sourceTree = "<group>"; };
		09D4AD692C40AF46003E98E0 /* SignInView.swift */ = {isa = PBXFileReference; lastKnownFileType = sourcecode.swift; path = SignInView.swift; sourceTree = "<group>"; };
/* End PBXFileReference section */

/* Begin PBXFrameworksBuildPhase section */
		092AB2E32C3CBD25003ACE69 /* Frameworks */ = {
			isa = PBXFrameworksBuildPhase;
			buildActionMask = 2147483647;
			files = (
			);
			runOnlyForDeploymentPostprocessing = 0;
		};
/* End PBXFrameworksBuildPhase section */

/* Begin PBXGroup section */
		092AB2DD2C3CBD25003ACE69 = {
			isa = PBXGroup;
			children = (
				092AB2E82C3CBD25003ACE69 /* GameStream */,
				092AB2E72C3CBD25003ACE69 /* Products */,
			);
			sourceTree = "<group>";
		};
		092AB2E72C3CBD25003ACE69 /* Products */ = {
			isa = PBXGroup;
			children = (
				092AB2E62C3CBD25003ACE69 /* GameStream.app */,
			);
			name = Products;
			sourceTree = "<group>";
		};
		092AB2E82C3CBD25003ACE69 /* GameStream */ = {
			isa = PBXGroup;
			children = (
				09D064822C489E7000E600C2 /* MenuInitial */,
				09D064802C489E3100E600C2 /* Auth */,
				09D0647E2C489DE000E600C2 /* SignUp */,
				09D0647C2C489DB600E600C2 /* Shared */,
				09D064792C489D8200E600C2 /* SignIn */,
				09D0646B2C48974900E600C2 /* Home */,
				092AB2E92C3CBD25003ACE69 /* GameStreamApp.swift */,
				092AB2ED2C3CBD27003ACE69 /* Assets.xcassets */,
				092AB2EF2C3CBD27003ACE69 /* Preview Content */,
			);
			path = GameStream;
			sourceTree = "<group>";
		};
		092AB2EF2C3CBD27003ACE69 /* Preview Content */ = {
			isa = PBXGroup;
			children = (
				092AB2F02C3CBD27003ACE69 /* Preview Assets.xcassets */,
			);
			path = "Preview Content";
			sourceTree = "<group>";
		};
		09D0646B2C48974900E600C2 /* Home */ = {
			isa = PBXGroup;
			children = (
				09D0646E2C48977B00E600C2 /* View */,
				09D0646D2C48976600E600C2 /* ViewModel */,
				09D0646C2C48975B00E600C2 /* Model */,
			);
			path = Home;
			sourceTree = "<group>";
		};
		09D0646C2C48975B00E600C2 /* Model */ = {
			isa = PBXGroup;
			children = (
				09C8E27E2C4C108300881835 /* Model.swift */,
			);
			path = Model;
			sourceTree = "<group>";
		};
		09D0646D2C48976600E600C2 /* ViewModel */ = {
			isa = PBXGroup;
			children = (
				09C8E2802C4C13F400881835 /* ViewModel.swift */,
			);
			path = ViewModel;
			sourceTree = "<group>";
		};
		09D0646E2C48977B00E600C2 /* View */ = {
			isa = PBXGroup;
			children = (
				099F7DB82C43250600833321 /* HomeView.swift */,
				09C8E2822C4C32B000881835 /* MostPopular.swift */,
			);
			path = View;
			sourceTree = "<group>";
		};
		09D064792C489D8200E600C2 /* SignIn */ = {
			isa = PBXGroup;
			children = (
				09D0647A2C489D8B00E600C2 /* View */,
			);
			path = SignIn;
			sourceTree = "<group>";
		};
		09D0647A2C489D8B00E600C2 /* View */ = {
			isa = PBXGroup;
			children = (
				09D4AD692C40AF46003E98E0 /* SignInView.swift */,
			);
			path = View;
			sourceTree = "<group>";
		};
		09D0647C2C489DB600E600C2 /* Shared */ = {
			isa = PBXGroup;
			children = (
				09D0647D2C489DBB00E600C2 /* CustomViews */,
			);
			path = Shared;
			sourceTree = "<group>";
		};
		09D0647D2C489DBB00E600C2 /* CustomViews */ = {
			isa = PBXGroup;
			children = (
				099F7DB42C42EC2700833321 /* CustomViews.swift */,
			);
			path = CustomViews;
			sourceTree = "<group>";
		};
		09D0647E2C489DE000E600C2 /* SignUp */ = {
			isa = PBXGroup;
			children = (
				09D0647F2C489DE700E600C2 /* View */,
			);
			path = SignUp;
			sourceTree = "<group>";
		};
		09D0647F2C489DE700E600C2 /* View */ = {
			isa = PBXGroup;
			children = (
				099F7DB62C42EE5F00833321 /* SignUpView.swift */,
			);
			path = View;
			sourceTree = "<group>";
		};
		09D064802C489E3100E600C2 /* Auth */ = {
			isa = PBXGroup;
			children = (
				09D064812C489E3B00E600C2 /* View */,
			);
			path = Auth;
			sourceTree = "<group>";
		};
		09D064812C489E3B00E600C2 /* View */ = {
			isa = PBXGroup;
			children = (
				092AB2EB2C3CBD25003ACE69 /* ContentView.swift */,
			);
			path = View;
			sourceTree = "<group>";
		};
		09D064822C489E7000E600C2 /* MenuInitial */ = {
			isa = PBXGroup;
			children = (
				09D064832C489E9700E600C2 /* View */,
			);
			path = MenuInitial;
			sourceTree = "<group>";
		};
		09D064832C489E9700E600C2 /* View */ = {
			isa = PBXGroup;
			children = (
				09D064842C489EA700E600C2 /* MenuInitial.swift */,
			);
			path = View;
			sourceTree = "<group>";
		};
/* End PBXGroup section */

/* Begin PBXNativeTarget section */
		092AB2E52C3CBD25003ACE69 /* GameStream */ = {
			isa = PBXNativeTarget;
			buildConfigurationList = 092AB2F42C3CBD27003ACE69 /* Build configuration list for PBXNativeTarget "GameStream" */;
			buildPhases = (
				092AB2E22C3CBD25003ACE69 /* Sources */,
				092AB2E32C3CBD25003ACE69 /* Frameworks */,
				092AB2E42C3CBD25003ACE69 /* Resources */,
			);
			buildRules = (
			);
			dependencies = (
			);
			name = GameStream;
			productName = GameStream;
			productReference = 092AB2E62C3CBD25003ACE69 /* GameStream.app */;
			productType = "com.apple.product-type.application";
		};
/* End PBXNativeTarget section */

/* Begin PBXProject section */
		092AB2DE2C3CBD25003ACE69 /* Project object */ = {
			isa = PBXProject;
			attributes = {
				BuildIndependentTargetsInParallel = 1;
				LastSwiftUpdateCheck = 1540;
				LastUpgradeCheck = 1540;
				TargetAttributes = {
					092AB2E52C3CBD25003ACE69 = {
						CreatedOnToolsVersion = 15.4;
					};
				};
			};
			buildConfigurationList = 092AB2E12C3CBD25003ACE69 /* Build configuration list for PBXProject "GameStream" */;
			compatibilityVersion = "Xcode 14.0";
			developmentRegion = en;
			hasScannedForEncodings = 0;
			knownRegions = (
				en,
				Base,
			);
			mainGroup = 092AB2DD2C3CBD25003ACE69;
			productRefGroup = 092AB2E72C3CBD25003ACE69 /* Products */;
			projectDirPath = "";
			projectRoot = "";
			targets = (
				092AB2E52C3CBD25003ACE69 /* GameStream */,
			);
		};
/* End PBXProject section */

/* Begin PBXResourcesBuildPhase section */
		092AB2E42C3CBD25003ACE69 /* Resources */ = {
			isa = PBXResourcesBuildPhase;
			buildActionMask = 2147483647;
			files = (
				092AB2F12C3CBD27003ACE69 /* Preview Assets.xcassets in Resources */,
				092AB2EE2C3CBD27003ACE69 /* Assets.xcassets in Resources */,
			);
			runOnlyForDeploymentPostprocessing = 0;
		};
/* End PBXResourcesBuildPhase section */

/* Begin PBXSourcesBuildPhase section */
		092AB2E22C3CBD25003ACE69 /* Sources */ = {
			isa = PBXSourcesBuildPhase;
			buildActionMask = 2147483647;
			files = (
				09D4AD6A2C40AF46003E98E0 /* SignInView.swift in Sources */,
				09C8E2812C4C13F400881835 /* ViewModel.swift in Sources */,
				099F7DB72C42EE5F00833321 /* SignUpView.swift in Sources */,
				09D064852C489EA700E600C2 /* MenuInitial.swift in Sources */,
				09C8E2832C4C32B000881835 /* MostPopular.swift in Sources */,
				099F7DB52C42EC2700833321 /* CustomViews.swift in Sources */,
				099F7DB92C43250600833321 /* HomeView.swift in Sources */,
				092AB2EC2C3CBD25003ACE69 /* ContentView.swift in Sources */,
				092AB2EA2C3CBD25003ACE69 /* GameStreamApp.swift in Sources */,
				09C8E27F2C4C108300881835 /* Model.swift in Sources */,
			);
			runOnlyForDeploymentPostprocessing = 0;
		};
/* End PBXSourcesBuildPhase section */

/* Begin XCBuildConfiguration section */
		092AB2F22C3CBD27003ACE69 /* Debug */ = {
			isa = XCBuildConfiguration;
			buildSettings = {
				ALWAYS_SEARCH_USER_PATHS = NO;
				ASSETCATALOG_COMPILER_GENERATE_SWIFT_ASSET_SYMBOL_EXTENSIONS = YES;
				CLANG_ANALYZER_NONNULL = YES;
				CLANG_ANALYZER_NUMBER_OBJECT_CONVERSION = YES_AGGRESSIVE;
				CLANG_CXX_LANGUAGE_STANDARD = "gnu++20";
				CLANG_ENABLE_MODULES = YES;
				CLANG_ENABLE_OBJC_ARC = YES;
				CLANG_ENABLE_OBJC_WEAK = YES;
				CLANG_WARN_BLOCK_CAPTURE_AUTORELEASING = YES;
				CLANG_WARN_BOOL_CONVERSION = YES;
				CLANG_WARN_COMMA = YES;
				CLANG_WARN_CONSTANT_CONVERSION = YES;
				CLANG_WARN_DEPRECATED_OBJC_IMPLEMENTATIONS = YES;
				CLANG_WARN_DIRECT_OBJC_ISA_USAGE = YES_ERROR;
				CLANG_WARN_DOCUMENTATION_COMMENTS = YES;
				CLANG_WARN_EMPTY_BODY = YES;
				CLANG_WARN_ENUM_CONVERSION = YES;
				CLANG_WARN_INFINITE_RECURSION = YES;
				CLANG_WARN_INT_CONVERSION = YES;
				CLANG_WARN_NON_LITERAL_NULL_CONVERSION = YES;
				CLANG_WARN_OBJC_IMPLICIT_RETAIN_SELF = YES;
				CLANG_WARN_OBJC_LITERAL_CONVERSION = YES;
				CLANG_WARN_OBJC_ROOT_CLASS = YES_ERROR;
				CLANG_WARN_QUOTED_INCLUDE_IN_FRAMEWORK_HEADER = YES;
				CLANG_WARN_RANGE_LOOP_ANALYSIS = YES;
				CLANG_WARN_STRICT_PROTOTYPES = YES;
				CLANG_WARN_SUSPICIOUS_MOVE = YES;
				CLANG_WARN_UNGUARDED_AVAILABILITY = YES_AGGRESSIVE;
				CLANG_WARN_UNREACHABLE_CODE = YES;
				CLANG_WARN__DUPLICATE_METHOD_MATCH = YES;
				COPY_PHASE_STRIP = NO;
				DEBUG_INFORMATION_FORMAT = dwarf;
				ENABLE_STRICT_OBJC_MSGSEND = YES;
				ENABLE_TESTABILITY = YES;
				ENABLE_USER_SCRIPT_SANDBOXING = YES;
				GCC_C_LANGUAGE_STANDARD = gnu17;
				GCC_DYNAMIC_NO_PIC = NO;
				GCC_NO_COMMON_BLOCKS = YES;
				GCC_OPTIMIZATION_LEVEL = 0;
				GCC_PREPROCESSOR_DEFINITIONS = (
					"DEBUG=1",
					"$(inherited)",
				);
				GCC_WARN_64_TO_32_BIT_CONVERSION = YES;
				GCC_WARN_ABOUT_RETURN_TYPE = YES_ERROR;
				GCC_WARN_UNDECLARED_SELECTOR = YES;
				GCC_WARN_UNINITIALIZED_AUTOS = YES_AGGRESSIVE;
				GCC_WARN_UNUSED_FUNCTION = YES;
				GCC_WARN_UNUSED_VARIABLE = YES;
				IPHONEOS_DEPLOYMENT_TARGET = 17.5;
				LOCALIZATION_PREFERS_STRING_CATALOGS = YES;
				MTL_ENABLE_DEBUG_INFO = INCLUDE_SOURCE;
				MTL_FAST_MATH = YES;
				ONLY_ACTIVE_ARCH = YES;
				SDKROOT = iphoneos;
				SWIFT_ACTIVE_COMPILATION_CONDITIONS = "DEBUG $(inherited)";
				SWIFT_OPTIMIZATION_LEVEL = "-Onone";
			};
			name = Debug;
		};
		092AB2F32C3CBD27003ACE69 /* Release */ = {
			isa = XCBuildConfiguration;
			buildSettings = {
				ALWAYS_SEARCH_USER_PATHS = NO;
				ASSETCATALOG_COMPILER_GENERATE_SWIFT_ASSET_SYMBOL_EXTENSIONS = YES;
				CLANG_ANALYZER_NONNULL = YES;
				CLANG_ANALYZER_NUMBER_OBJECT_CONVERSION = YES_AGGRESSIVE;
				CLANG_CXX_LANGUAGE_STANDARD = "gnu++20";
				CLANG_ENABLE_MODULES = YES;
				CLANG_ENABLE_OBJC_ARC = YES;
				CLANG_ENABLE_OBJC_WEAK = YES;
				CLANG_WARN_BLOCK_CAPTURE_AUTORELEASING = YES;
				CLANG_WARN_BOOL_CONVERSION = YES;
				CLANG_WARN_COMMA = YES;
				CLANG_WARN_CONSTANT_CONVERSION = YES;
				CLANG_WARN_DEPRECATED_OBJC_IMPLEMENTATIONS = YES;
				CLANG_WARN_DIRECT_OBJC_ISA_USAGE = YES_ERROR;
				CLANG_WARN_DOCUMENTATION_COMMENTS = YES;
				CLANG_WARN_EMPTY_BODY = YES;
				CLANG_WARN_ENUM_CONVERSION = YES;
				CLANG_WARN_INFINITE_RECURSION = YES;
				CLANG_WARN_INT_CONVERSION = YES;
				CLANG_WARN_NON_LITERAL_NULL_CONVERSION = YES;
				CLANG_WARN_OBJC_IMPLICIT_RETAIN_SELF = YES;
				CLANG_WARN_OBJC_LITERAL_CONVERSION = YES;
				CLANG_WARN_OBJC_ROOT_CLASS = YES_ERROR;
				CLANG_WARN_QUOTED_INCLUDE_IN_FRAMEWORK_HEADER = YES;
				CLANG_WARN_RANGE_LOOP_ANALYSIS = YES;
				CLANG_WARN_STRICT_PROTOTYPES = YES;
				CLANG_WARN_SUSPICIOUS_MOVE = YES;
				CLANG_WARN_UNGUARDED_AVAILABILITY = YES_AGGRESSIVE;
				CLANG_WARN_UNREACHABLE_CODE = YES;
				CLANG_WARN__DUPLICATE_METHOD_MATCH = YES;
				COPY_PHASE_STRIP = NO;
				DEBUG_INFORMATION_FORMAT = "dwarf-with-dsym";
				ENABLE_NS_ASSERTIONS = NO;
				ENABLE_STRICT_OBJC_MSGSEND = YES;
				ENABLE_USER_SCRIPT_SANDBOXING = YES;
				GCC_C_LANGUAGE_STANDARD = gnu17;
				GCC_NO_COMMON_BLOCKS = YES;
				GCC_WARN_64_TO_32_BIT_CONVERSION = YES;
				GCC_WARN_ABOUT_RETURN_TYPE = YES_ERROR;
				GCC_WARN_UNDECLARED_SELECTOR = YES;
				GCC_WARN_UNINITIALIZED_AUTOS = YES_AGGRESSIVE;
				GCC_WARN_UNUSED_FUNCTION = YES;
				GCC_WARN_UNUSED_VARIABLE = YES;
				IPHONEOS_DEPLOYMENT_TARGET = 17.5;
				LOCALIZATION_PREFERS_STRING_CATALOGS = YES;
				MTL_ENABLE_DEBUG_INFO = NO;
				MTL_FAST_MATH = YES;
				SDKROOT = iphoneos;
				SWIFT_COMPILATION_MODE = wholemodule;
				VALIDATE_PRODUCT = YES;
			};
			name = Release;
		};
		092AB2F52C3CBD27003ACE69 /* Debug */ = {
			isa = XCBuildConfiguration;
			buildSettings = {
				ASSETCATALOG_COMPILER_APPICON_NAME = AppIcon;
				ASSETCATALOG_COMPILER_GLOBAL_ACCENT_COLOR_NAME = AccentColor;
				CODE_SIGN_STYLE = Automatic;
				CURRENT_PROJECT_VERSION = 1;
				DEVELOPMENT_ASSET_PATHS = "\"GameStream/Preview Content\"";
				ENABLE_PREVIEWS = YES;
				GENERATE_INFOPLIST_FILE = YES;
				INFOPLIST_KEY_UIApplicationSceneManifest_Generation = YES;
				INFOPLIST_KEY_UIApplicationSupportsIndirectInputEvents = YES;
				INFOPLIST_KEY_UILaunchScreen_Generation = YES;
				INFOPLIST_KEY_UISupportedInterfaceOrientations_iPad = "UIInterfaceOrientationPortrait UIInterfaceOrientationPortraitUpsideDown UIInterfaceOrientationLandscapeLeft UIInterfaceOrientationLandscapeRight";
				INFOPLIST_KEY_UISupportedInterfaceOrientations_iPhone = "UIInterfaceOrientationPortrait UIInterfaceOrientationLandscapeLeft UIInterfaceOrientationLandscapeRight";
				LD_RUNPATH_SEARCH_PATHS = (
					"$(inherited)",
					"@executable_path/Frameworks",
				);
				MARKETING_VERSION = 1.0;
				PRODUCT_BUNDLE_IDENTIFIER = com.antdev.GameStream;
				PRODUCT_NAME = "$(TARGET_NAME)";
				SWIFT_EMIT_LOC_STRINGS = YES;
				SWIFT_VERSION = 5.0;
				TARGETED_DEVICE_FAMILY = "1,2";
			};
			name = Debug;
		};
		092AB2F62C3CBD27003ACE69 /* Release */ = {
			isa = XCBuildConfiguration;
			buildSettings = {
				ASSETCATALOG_COMPILER_APPICON_NAME = AppIcon;
				ASSETCATALOG_COMPILER_GLOBAL_ACCENT_COLOR_NAME = AccentColor;
				CODE_SIGN_STYLE = Automatic;
				CURRENT_PROJECT_VERSION = 1;
				DEVELOPMENT_ASSET_PATHS = "\"GameStream/Preview Content\"";
				ENABLE_PREVIEWS = YES;
				GENERATE_INFOPLIST_FILE = YES;
				INFOPLIST_KEY_UIApplicationSceneManifest_Generation = YES;
				INFOPLIST_KEY_UIApplicationSupportsIndirectInputEvents = YES;
				INFOPLIST_KEY_UILaunchScreen_Generation = YES;
				INFOPLIST_KEY_UISupportedInterfaceOrientations_iPad = "UIInterfaceOrientationPortrait UIInterfaceOrientationPortraitUpsideDown UIInterfaceOrientationLandscapeLeft UIInterfaceOrientationLandscapeRight";
				INFOPLIST_KEY_UISupportedInterfaceOrientations_iPhone = "UIInterfaceOrientationPortrait UIInterfaceOrientationLandscapeLeft UIInterfaceOrientationLandscapeRight";
				LD_RUNPATH_SEARCH_PATHS = (
					"$(inherited)",
					"@executable_path/Frameworks",
				);
				MARKETING_VERSION = 1.0;
				PRODUCT_BUNDLE_IDENTIFIER = com.antdev.GameStream;
				PRODUCT_NAME = "$(TARGET_NAME)";
				SWIFT_EMIT_LOC_STRINGS = YES;
				SWIFT_VERSION = 5.0;
				TARGETED_DEVICE_FAMILY = "1,2";
			};
			name = Release;
		};
/* End XCBuildConfiguration section */

/* Begin XCConfigurationList section */
		092AB2E12C3CBD25003ACE69 /* Build configuration list for PBXProject "GameStream" */ = {
			isa = XCConfigurationList;
			buildConfigurations = (
				092AB2F22C3CBD27003ACE69 /* Debug */,
				092AB2F32C3CBD27003ACE69 /* Release */,
			);
			defaultConfigurationIsVisible = 0;
			defaultConfigurationName = Release;
		};
		092AB2F42C3CBD27003ACE69 /* Build configuration list for PBXNativeTarget "GameStream" */ = {
			isa = XCConfigurationList;
			buildConfigurations = (
				092AB2F52C3CBD27003ACE69 /* Debug */,
				092AB2F62C3CBD27003ACE69 /* Release */,
			);
			defaultConfigurationIsVisible = 0;
			defaultConfigurationName = Release;
		};
/* End XCConfigurationList section */
	};
	rootObject = 092AB2DE2C3CBD25003ACE69 /* Project object */;
}
